// !$*UTF8*$!
{
	archiveVersion = 1;
	classes = {
	};
	objectVersion = 46;
	objects = {

/* Begin PBXBuildFile section */
		5CE8764A1FE7658701D56157 /* Pods_Weel1_Flicks.framework in Frameworks */ = {isa = PBXBuildFile; fileRef = DBA4E7C5912CB15BA392B249 /* Pods_Weel1_Flicks.framework */; };
		BF8D8D541DB3078A00D0C9D3 /* AppDelegate.swift in Sources */ = {isa = PBXBuildFile; fileRef = BF8D8D531DB3078A00D0C9D3 /* AppDelegate.swift */; };
		BF8D8D561DB3078A00D0C9D3 /* MoviesViewController.swift in Sources */ = {isa = PBXBuildFile; fileRef = BF8D8D551DB3078A00D0C9D3 /* MoviesViewController.swift */; };
		BF8D8D591DB3078A00D0C9D3 /* Main.storyboard in Resources */ = {isa = PBXBuildFile; fileRef = BF8D8D571DB3078A00D0C9D3 /* Main.storyboard */; };
		BF8D8D661DB30FB700D0C9D3 /* movieTableCell.swift in Sources */ = {isa = PBXBuildFile; fileRef = BF8D8D651DB30FB700D0C9D3 /* movieTableCell.swift */; };
		BF8D8D681DB34EE900D0C9D3 /* movieDetailViewController.swift in Sources */ = {isa = PBXBuildFile; fileRef = BF8D8D671DB34EE900D0C9D3 /* movieDetailViewController.swift */; };
		BF8D8D6C1DB4D02B00D0C9D3 /* topMovieViewController.swift in Sources */ = {isa = PBXBuildFile; fileRef = BF8D8D6B1DB4D02B00D0C9D3 /* topMovieViewController.swift */; };
		BF8D8D6E1DB4D68800D0C9D3 /* topMovieDetailViewController.swift in Sources */ = {isa = PBXBuildFile; fileRef = BF8D8D6D1DB4D68800D0C9D3 /* topMovieDetailViewController.swift */; };
		BF8D8D701DB5EE9400D0C9D3 /* Assets.xcassets in Resources */ = {isa = PBXBuildFile; fileRef = BF8D8D6F1DB5EE9400D0C9D3 /* Assets.xcassets */; };
/* End PBXBuildFile section */

/* Begin PBXFileReference section */
		308BCC683FB3349D00656086 /* Pods-Weel1_Flicks.release.xcconfig */ = {isa = PBXFileReference; includeInIndex = 1; lastKnownFileType = text.xcconfig; name = "Pods-Weel1_Flicks.release.xcconfig"; path = "Pods/Target Support Files/Pods-Weel1_Flicks/Pods-Weel1_Flicks.release.xcconfig"; sourceTree = "<group>"; };
		86EA3CCEC28C80F2E3E45FE6 /* Pods-Weel1_Flicks.debug.xcconfig */ = {isa = PBXFileReference; includeInIndex = 1; lastKnownFileType = text.xcconfig; name = "Pods-Weel1_Flicks.debug.xcconfig"; path = "Pods/Target Support Files/Pods-Weel1_Flicks/Pods-Weel1_Flicks.debug.xcconfig"; sourceTree = "<group>"; };
		BF8D8D501DB3078A00D0C9D3 /* Weel1_Flicks.app */ = {isa = PBXFileReference; explicitFileType = wrapper.application; includeInIndex = 0; path = Weel1_Flicks.app; sourceTree = BUILT_PRODUCTS_DIR; };
		BF8D8D531DB3078A00D0C9D3 /* AppDelegate.swift */ = {isa = PBXFileReference; lastKnownFileType = sourcecode.swift; path = AppDelegate.swift; sourceTree = "<group>"; };
		BF8D8D551DB3078A00D0C9D3 /* MoviesViewController.swift */ = {isa = PBXFileReference; lastKnownFileType = sourcecode.swift; path = MoviesViewController.swift; sourceTree = "<group>"; };
		BF8D8D581DB3078A00D0C9D3 /* Base */ = {isa = PBXFileReference; lastKnownFileType = file.storyboard; name = Base; path = Base.lproj/Main.storyboard; sourceTree = "<group>"; };
		BF8D8D5F1DB3078A00D0C9D3 /* Info.plist */ = {isa = PBXFileReference; lastKnownFileType = text.plist.xml; path = Info.plist; sourceTree = "<group>"; };
		BF8D8D651DB30FB700D0C9D3 /* movieTableCell.swift */ = {isa = PBXFileReference; fileEncoding = 4; lastKnownFileType = sourcecode.swift; path = movieTableCell.swift; sourceTree = "<group>"; };
		BF8D8D671DB34EE900D0C9D3 /* movieDetailViewController.swift */ = {isa = PBXFileReference; fileEncoding = 4; lastKnownFileType = sourcecode.swift; path = movieDetailViewController.swift; sourceTree = "<group>"; };
		BF8D8D6B1DB4D02B00D0C9D3 /* topMovieViewController.swift */ = {isa = PBXFileReference; fileEncoding = 4; lastKnownFileType = sourcecode.swift; path = topMovieViewController.swift; sourceTree = "<group>"; };
		BF8D8D6D1DB4D68800D0C9D3 /* topMovieDetailViewController.swift */ = {isa = PBXFileReference; fileEncoding = 4; lastKnownFileType = sourcecode.swift; path = topMovieDetailViewController.swift; sourceTree = "<group>"; };
		BF8D8D6F1DB5EE9400D0C9D3 /* Assets.xcassets */ = {isa = PBXFileReference; lastKnownFileType = folder.assetcatalog; path = Assets.xcassets; sourceTree = "<group>"; };
		DBA4E7C5912CB15BA392B249 /* Pods_Weel1_Flicks.framework */ = {isa = PBXFileReference; explicitFileType = wrapper.framework; includeInIndex = 0; path = Pods_Weel1_Flicks.framework; sourceTree = BUILT_PRODUCTS_DIR; };
/* End PBXFileReference section */

/* Begin PBXFrameworksBuildPhase section */
		BF8D8D4D1DB3078A00D0C9D3 /* Frameworks */ = {
			isa = PBXFrameworksBuildPhase;
			buildActionMask = 2147483647;
			files = (
				5CE8764A1FE7658701D56157 /* Pods_Weel1_Flicks.framework in Frameworks */,
			);
			runOnlyForDeploymentPostprocessing = 0;
		};
/* End PBXFrameworksBuildPhase section */

/* Begin PBXGroup section */
		9D43FD45A47AEB470DE4D822 /* Frameworks */ = {
			isa = PBXGroup;
			children = (
				DBA4E7C5912CB15BA392B249 /* Pods_Weel1_Flicks.framework */,
			);
			name = Frameworks;
			sourceTree = "<group>";
		};
		BF8D8D471DB3078A00D0C9D3 = {
			isa = PBXGroup;
			children = (
				BF8D8D521DB3078A00D0C9D3 /* Weel1_Flicks */,
				BF8D8D511DB3078A00D0C9D3 /* Products */,
				DCCCC50BCDE54B3978759DB7 /* Pods */,
				9D43FD45A47AEB470DE4D822 /* Frameworks */,
			);
			sourceTree = "<group>";
		};
		BF8D8D511DB3078A00D0C9D3 /* Products */ = {
			isa = PBXGroup;
			children = (
				BF8D8D501DB3078A00D0C9D3 /* Weel1_Flicks.app */,
			);
			name = Products;
			sourceTree = "<group>";
		};
		BF8D8D521DB3078A00D0C9D3 /* Weel1_Flicks */ = {
			isa = PBXGroup;
			children = (
				BF8D8D531DB3078A00D0C9D3 /* AppDelegate.swift */,
				BF8D8D571DB3078A00D0C9D3 /* Main.storyboard */,
				BF8D8D6B1DB4D02B00D0C9D3 /* topMovieViewController.swift */,
				BF8D8D671DB34EE900D0C9D3 /* movieDetailViewController.swift */,
				BF8D8D551DB3078A00D0C9D3 /* MoviesViewController.swift */,
				BF8D8D651DB30FB700D0C9D3 /* movieTableCell.swift */,
				BF8D8D6D1DB4D68800D0C9D3 /* topMovieDetailViewController.swift */,
				BF8D8D5F1DB3078A00D0C9D3 /* Info.plist */,
				BF8D8D6F1DB5EE9400D0C9D3 /* Assets.xcassets */,
			);
			path = Weel1_Flicks;
			sourceTree = "<group>";
		};
		DCCCC50BCDE54B3978759DB7 /* Pods */ = {
			isa = PBXGroup;
			children = (
				86EA3CCEC28C80F2E3E45FE6 /* Pods-Weel1_Flicks.debug.xcconfig */,
				308BCC683FB3349D00656086 /* Pods-Weel1_Flicks.release.xcconfig */,
			);
			name = Pods;
			sourceTree = "<group>";
		};
/* End PBXGroup section */

/* Begin PBXNativeTarget section */
		BF8D8D4F1DB3078A00D0C9D3 /* Weel1_Flicks */ = {
			isa = PBXNativeTarget;
			buildConfigurationList = BF8D8D621DB3078A00D0C9D3 /* Build configuration list for PBXNativeTarget "Weel1_Flicks" */;
			buildPhases = (
				983247BD8B0127E5E5A568DD /* [CP] Check Pods Manifest.lock */,
				BF8D8D4C1DB3078A00D0C9D3 /* Sources */,
				BF8D8D4D1DB3078A00D0C9D3 /* Frameworks */,
				BF8D8D4E1DB3078A00D0C9D3 /* Resources */,
				52065EEFC4608D963CC029FF /* [CP] Embed Pods Frameworks */,
				9176065850D0C2209570A045 /* [CP] Copy Pods Resources */,
			);
			buildRules = (
			);
			dependencies = (
			);
			name = Weel1_Flicks;
			productName = Weel1_Flicks;
			productReference = BF8D8D501DB3078A00D0C9D3 /* Weel1_Flicks.app */;
			productType = "com.apple.product-type.application";
		};
/* End PBXNativeTarget section */

/* Begin PBXProject section */
		BF8D8D481DB3078A00D0C9D3 /* Project object */ = {
			isa = PBXProject;
			attributes = {
				LastSwiftUpdateCheck = 0800;
				LastUpgradeCheck = 0800;
				ORGANIZATIONNAME = "Lu Ao";
				TargetAttributes = {
					BF8D8D4F1DB3078A00D0C9D3 = {
						CreatedOnToolsVersion = 8.0;
						DevelopmentTeam = JC68KFVHSJ;
						ProvisioningStyle = Automatic;
					};
				};
			};
			buildConfigurationList = BF8D8D4B1DB3078A00D0C9D3 /* Build configuration list for PBXProject "Weel1_Flicks" */;
			compatibilityVersion = "Xcode 3.2";
			developmentRegion = English;
			hasScannedForEncodings = 0;
			knownRegions = (
				en,
				Base,
			);
			mainGroup = BF8D8D471DB3078A00D0C9D3;
			productRefGroup = BF8D8D511DB3078A00D0C9D3 /* Products */;
			projectDirPath = "";
			projectRoot = "";
			targets = (
				BF8D8D4F1DB3078A00D0C9D3 /* Weel1_Flicks */,
			);
		};
/* End PBXProject section */

/* Begin PBXResourcesBuildPhase section */
		BF8D8D4E1DB3078A00D0C9D3 /* Resources */ = {
			isa = PBXResourcesBuildPhase;
			buildActionMask = 2147483647;
			files = (
				BF8D8D701DB5EE9400D0C9D3 /* Assets.xcassets in Resources */,
				BF8D8D591DB3078A00D0C9D3 /* Main.storyboard in Resources */,
			);
			runOnlyForDeploymentPostprocessing = 0;
		};
/* End PBXResourcesBuildPhase section */

/* Begin PBXShellScriptBuildPhase section */
		52065EEFC4608D963CC029FF /* [CP] Embed Pods Frameworks */ = {
			isa = PBXShellScriptBuildPhase;
			buildActionMask = 2147483647;
			files = (
			);
			inputPaths = (
			);
			name = "[CP] Embed Pods Frameworks";
			outputPaths = (
			);
			runOnlyForDeploymentPostprocessing = 0;
			shellPath = /bin/sh;
			shellScript = "\"${SRCROOT}/Pods/Target Support Files/Pods-Weel1_Flicks/Pods-Weel1_Flicks-frameworks.sh\"\n";
			showEnvVarsInLog = 0;
		};
		9176065850D0C2209570A045 /* [CP] Copy Pods Resources */ = {
			isa = PBXShellScriptBuildPhase;
			buildActionMask = 2147483647;
			files = (
			);
			inputPaths = (
			);
			name = "[CP] Copy Pods Resources";
			outputPaths = (
			);
			runOnlyForDeploymentPostprocessing = 0;
			shellPath = /bin/sh;
			shellScript = "\"${SRCROOT}/Pods/Target Support Files/Pods-Weel1_Flicks/Pods-Weel1_Flicks-resources.sh\"\n";
			showEnvVarsInLog = 0;
		};
		983247BD8B0127E5E5A568DD /* [CP] Check Pods Manifest.lock */ = {
			isa = PBXShellScriptBuildPhase;
			buildActionMask = 2147483647;
			files = (
			);
			inputPaths = (
			);
			name = "[CP] Check Pods Manifest.lock";
			outputPaths = (
			);
			runOnlyForDeploymentPostprocessing = 0;
			shellPath = /bin/sh;
			shellScript = "diff \"${PODS_ROOT}/../Podfile.lock\" \"${PODS_ROOT}/Manifest.lock\" > /dev/null\nif [[ $? != 0 ]] ; then\n    cat << EOM\nerror: The sandbox is not in sync with the Podfile.lock. Run 'pod install' or update your CocoaPods installation.\nEOM\n    exit 1\nfi\n";
			showEnvVarsInLog = 0;
		};
/* End PBXShellScriptBuildPhase section */

/* Begin PBXSourcesBuildPhase section */
		BF8D8D4C1DB3078A00D0C9D3 /* Sources */ = {
			isa = PBXSourcesBuildPhase;
			buildActionMask = 2147483647;
			files = (
				BF8D8D6E1DB4D68800D0C9D3 /* topMovieDetailViewController.swift in Sources */,
				BF8D8D681DB34EE900D0C9D3 /* movieDetailViewController.swift in Sources */,
				BF8D8D561DB3078A00D0C9D3 /* MoviesViewController.swift in Sources */,
				BF8D8D541DB3078A00D0C9D3 /* AppDelegate.swift in Sources */,
				BF8D8D6C1DB4D02B00D0C9D3 /* topMovieViewController.swift in Sources */,
				BF8D8D661DB30FB700D0C9D3 /* movieTableCell.swift in Sources */,
			);
			runOnlyForDeploymentPostprocessing = 0;
		};
/* End PBXSourcesBuildPhase section */

/* Begin PBXVariantGroup section */
		BF8D8D571DB3078A00D0C9D3 /* Main.storyboard */ = {
			isa = PBXVariantGroup;
			children = (
				BF8D8D581DB3078A00D0C9D3 /* Base */,
			);
			name = Main.storyboard;
			sourceTree = "<group>";
		};
/* End PBXVariantGroup section */

/* Begin XCBuildConfiguration section */
		BF8D8D601DB3078A00D0C9D3 /* Debug */ = {
			isa = XCBuildConfiguration;
			buildSettings = {
				ALWAYS_SEARCH_USER_PATHS = NO;
				CLANG_ANALYZER_NONNULL = YES;
				CLANG_CXX_LANGUAGE_STANDARD = "gnu++0x";
				CLANG_CXX_LIBRARY = "libc++";
				CLANG_ENABLE_MODULES = YES;
				CLANG_ENABLE_OBJC_ARC = YES;
				CLANG_WARN_BOOL_CONVERSION = YES;
				CLANG_WARN_CONSTANT_CONVERSION = YES;
				CLANG_WARN_DIRECT_OBJC_ISA_USAGE = YES_ERROR;
				CLANG_WARN_DOCUMENTATION_COMMENTS = YES;
				CLANG_WARN_EMPTY_BODY = YES;
				CLANG_WARN_ENUM_CONVERSION = YES;
				CLANG_WARN_INFINITE_RECURSION = YES;
				CLANG_WARN_INT_CONVERSION = YES;
				CLANG_WARN_OBJC_ROOT_CLASS = YES_ERROR;
				CLANG_WARN_SUSPICIOUS_MOVES = YES;
				CLANG_WARN_UNREACHABLE_CODE = YES;
				CLANG_WARN__DUPLICATE_METHOD_MATCH = YES;
				"CODE_SIGN_IDENTITY[sdk=iphoneos*]" = "iPhone Developer";
				COPY_PHASE_STRIP = NO;
				DEBUG_INFORMATION_FORMAT = dwarf;
				ENABLE_STRICT_OBJC_MSGSEND = YES;
				ENABLE_TESTABILITY = YES;
				GCC_C_LANGUAGE_STANDARD = gnu99;
				GCC_DYNAMIC_NO_PIC = NO;
				GCC_NO_COMMON_BLOCKS = YES;
				GCC_OPTIMIZATION_LEVEL = 0;
				GCC_PREPROCESSOR_DEFINITIONS = (
					"DEBUG=1",
					"$(inherited)",
				);
				GCC_WARN_64_TO_32_BIT_CONVERSION = YES;
				GCC_WARN_ABOUT_RETURN_TYPE = YES_ERROR;
				GCC_WARN_UNDECLARED_SELECTOR = YES;
				GCC_WARN_UNINITIALIZED_AUTOS = YES_AGGRESSIVE;
				GCC_WARN_UNUSED_FUNCTION = YES;
				GCC_WARN_UNUSED_VARIABLE = YES;
				IPHONEOS_DEPLOYMENT_TARGET = 10.0;
				MTL_ENABLE_DEBUG_INFO = YES;
				ONLY_ACTIVE_ARCH = YES;
				SDKROOT = iphoneos;
				SWIFT_ACTIVE_COMPILATION_CONDITIONS = DEBUG;
				SWIFT_OPTIMIZATION_LEVEL = "-Onone";
				TARGETED_DEVICE_FAMILY = "1,2";
			};
			name = Debug;
		};
		BF8D8D611DB3078A00D0C9D3 /* Release */ = {
			isa = XCBuildConfiguration;
			buildSettings = {
				ALWAYS_SEARCH_USER_PATHS = NO;
				CLANG_ANALYZER_NONNULL = YES;
				CLANG_CXX_LANGUAGE_STANDARD = "gnu++0x";
				CLANG_CXX_LIBRARY = "libc++";
				CLANG_ENABLE_MODULES = YES;
				CLANG_ENABLE_OBJC_ARC = YES;
				CLANG_WARN_BOOL_CONVERSION = YES;
				CLANG_WARN_CONSTANT_CONVERSION = YES;
				CLANG_WARN_DIRECT_OBJC_ISA_USAGE = YES_ERROR;
				CLANG_WARN_DOCUMENTATION_COMMENTS = YES;
				CLANG_WARN_EMPTY_BODY = YES;
				CLANG_WARN_ENUM_CONVERSION = YES;
				CLANG_WARN_INFINITE_RECURSION = YES;
				CLANG_WARN_INT_CONVERSION = YES;
				CLANG_WARN_OBJC_ROOT_CLASS = YES_ERROR;
				CLANG_WARN_SUSPICIOUS_MOVES = YES;
				CLANG_WARN_UNREACHABLE_CODE = YES;
				CLANG_WARN__DUPLICATE_METHOD_MATCH = YES;
				"CODE_SIGN_IDENTITY[sdk=iphoneos*]" = "iPhone Developer";
				COPY_PHASE_STRIP = NO;
				DEBUG_INFORMATION_FORMAT = "dwarf-with-dsym";
				ENABLE_NS_ASSERTIONS = NO;
				ENABLE_STRICT_OBJC_MSGSEND = YES;
				GCC_C_LANGUAGE_STANDARD = gnu99;
				GCC_NO_COMMON_BLOCKS = YES;
				GCC_WARN_64_TO_32_BIT_CONVERSION = YES;
				GCC_WARN_ABOUT_RETURN_TYPE = YES_ERROR;
				GCC_WARN_UNDECLARED_SELECTOR = YES;
				GCC_WARN_UNINITIALIZED_AUTOS = YES_AGGRESSIVE;
				GCC_WARN_UNUSED_FUNCTION = YES;
				GCC_WARN_UNUSED_VARIABLE = YES;
				IPHONEOS_DEPLOYMENT_TARGET = 10.0;
				MTL_ENABLE_DEBUG_INFO = NO;
				SDKROOT = iphoneos;
				SWIFT_OPTIMIZATION_LEVEL = "-Owholemodule";
				TARGETED_DEVICE_FAMILY = "1,2";
				VALIDATE_PRODUCT = YES;
			};
			name = Release;
		};
		BF8D8D631DB3078A00D0C9D3 /* Debug */ = {
			isa = XCBuildConfiguration;
			baseConfigurationReference = 86EA3CCEC28C80F2E3E45FE6 /* Pods-Weel1_Flicks.debug.xcconfig */;
			buildSettings = {
				ASSETCATALOG_COMPILER_APPICON_NAME = AppIcon;
				DEVELOPMENT_TEAM = JC68KFVHSJ;
				INFOPLIST_FILE = Weel1_Flicks/Info.plist;
				LD_RUNPATH_SEARCH_PATHS = "$(inherited) @executable_path/Frameworks";
				PRODUCT_BUNDLE_IDENTIFIER = "Louis.Weel1-Flicks";
				PRODUCT_NAME = "$(TARGET_NAME)";
				SWIFT_VERSION = 3.0;
			};
			name = Debug;
		};
		BF8D8D641DB3078A00D0C9D3 /* Release */ = {
			isa = XCBuildConfiguration;
			baseConfigurationReference = 308BCC683FB3349D00656086 /* Pods-Weel1_Flicks.release.xcconfig */;
			buildSettings = {
				ASSETCATALOG_COMPILER_APPICON_NAME = AppIcon;
				DEVELOPMENT_TEAM = JC68KFVHSJ;
				INFOPLIST_FILE = Weel1_Flicks/Info.plist;
				LD_RUNPATH_SEARCH_PATHS = "$(inherited) @executable_path/Frameworks";
				PRODUCT_BUNDLE_IDENTIFIER = "Louis.Weel1-Flicks";
				PRODUCT_NAME = "$(TARGET_NAME)";
				SWIFT_VERSION = 3.0;
			};
			name = Release;
		};
/* End XCBuildConfiguration section */

/* Begin XCConfigurationList section */
		BF8D8D4B1DB3078A00D0C9D3 /* Build configuration list for PBXProject "Weel1_Flicks" */ = {
			isa = XCConfigurationList;
			buildConfigurations = (
				BF8D8D601DB3078A00D0C9D3 /* Debug */,
				BF8D8D611DB3078A00D0C9D3 /* Release */,
			);
			defaultConfigurationIsVisible = 0;
			defaultConfigurationName = Release;
		};
		BF8D8D621DB3078A00D0C9D3 /* Build configuration list for PBXNativeTarget "Weel1_Flicks" */ = {
			isa = XCConfigurationList;
			buildConfigurations = (
				BF8D8D631DB3078A00D0C9D3 /* Debug */,
				BF8D8D641DB3078A00D0C9D3 /* Release */,
			);
			defaultConfigurationIsVisible = 0;
			defaultConfigurationName = Release;
		};
/* End XCConfigurationList section */
	};
	rootObject = BF8D8D481DB3078A00D0C9D3 /* Project object */;
}
